
Microsoft Visual Studio Solution File, Format Version 12.00
# Visual Studio Version 16
VisualStudioVersion = 16.0.30503.244
MinimumVisualStudioVersion = 10.0.40219.1
Project("{FAE04EC0-301F-11D3-BF4B-00C04F79EFBC}") = "Herik.2A.TP3", "Arismendy.Herik.2A.TP3\Herik.2A.TP3.csproj", "{8224E10C-D01A-4D49-AEEC-86754BADD0C9}"
EndProject
Project("{FAE04EC0-301F-11D3-BF4B-00C04F79EFBC}") = "TestEntidades", "TestEntidades\TestEntidades.csproj", "{911A71C6-072D-444D-ACD5-099A0255F9FC}"
EndProject
Global
	GlobalSection(SolutionConfigurationPlatforms) = preSolution
		Debug|Any CPU = Debug|Any CPU
		Release|Any CPU = Release|Any CPU
	EndGlobalSection
	GlobalSection(ProjectConfigurationPlatforms) = postSolution
		{8224E10C-D01A-4D49-AEEC-86754BADD0C9}.Debug|Any CPU.ActiveCfg = Debug|Any CPU
		{8224E10C-D01A-4D49-AEEC-86754BADD0C9}.Debug|Any CPU.Build.0 = Debug|Any CPU
		{8224E10C-D01A-4D49-AEEC-86754BADD0C9}.Release|Any CPU.ActiveCfg = Release|Any CPU
		{8224E10C-D01A-4D49-AEEC-86754BADD0C9}.Release|Any CPU.Build.0 = Release|Any CPU
		{911A71C6-072D-444D-ACD5-099A0255F9FC}.Debug|Any CPU.ActiveCfg = Debug|Any CPU
		{911A71C6-072D-444D-ACD5-099A0255F9FC}.Debug|Any CPU.Build.0 = Debug|Any CPU
		{911A71C6-072D-444D-ACD5-099A0255F9FC}.Release|Any CPU.ActiveCfg = Release|Any CPU
		{911A71C6-072D-444D-ACD5-099A0255F9FC}.Release|Any CPU.Build.0 = Release|Any CPU
	EndGlobalSection
	GlobalSection(SolutionProperties) = preSolution
		HideSolutionNode = FALSE
	EndGlobalSection
	GlobalSection(ExtensibilityGlobals) = postSolution
		SolutionGuid = {C4C54F1D-87BD-4BC2-88C4-2EF305C3CD70}
	EndGlobalSection
EndGlobal
