
Microsoft Visual Studio Solution File, Format Version 12.00
# Visual Studio Version 16
VisualStudioVersion = 16.0.30717.126
MinimumVisualStudioVersion = 10.0.40219.1
Project("{FAE04EC0-301F-11D3-BF4B-00C04F79EFBC}") = "EntidadesZapatillas", "Arismendy.Herik.tp4\EntidadesZapatillas.csproj", "{7816A801-45B0-40AC-B75A-4D903E133809}"
EndProject
Project("{FAE04EC0-301F-11D3-BF4B-00C04F79EFBC}") = "FormPrincipal", "FormPrincipal\FormPrincipal.csproj", "{D1E2E150-00EF-4DF4-BB93-269C58DD4505}"
EndProject
Project("{FAE04EC0-301F-11D3-BF4B-00C04F79EFBC}") = "Test", "Test\Test.csproj", "{1A27744A-4B5B-457C-A60C-D23A1BC24E16}"
EndProject
Global
	GlobalSection(SolutionConfigurationPlatforms) = preSolution
		Debug|Any CPU = Debug|Any CPU
		Release|Any CPU = Release|Any CPU
	EndGlobalSection
	GlobalSection(ProjectConfigurationPlatforms) = postSolution
		{7816A801-45B0-40AC-B75A-4D903E133809}.Debug|Any CPU.ActiveCfg = Debug|Any CPU
		{7816A801-45B0-40AC-B75A-4D903E133809}.Debug|Any CPU.Build.0 = Debug|Any CPU
		{7816A801-45B0-40AC-B75A-4D903E133809}.Release|Any CPU.ActiveCfg = Release|Any CPU
		{7816A801-45B0-40AC-B75A-4D903E133809}.Release|Any CPU.Build.0 = Release|Any CPU
		{D1E2E150-00EF-4DF4-BB93-269C58DD4505}.Debug|Any CPU.ActiveCfg = Debug|Any CPU
		{D1E2E150-00EF-4DF4-BB93-269C58DD4505}.Debug|Any CPU.Build.0 = Debug|Any CPU
		{D1E2E150-00EF-4DF4-BB93-269C58DD4505}.Release|Any CPU.ActiveCfg = Release|Any CPU
		{D1E2E150-00EF-4DF4-BB93-269C58DD4505}.Release|Any CPU.Build.0 = Release|Any CPU
		{1A27744A-4B5B-457C-A60C-D23A1BC24E16}.Debug|Any CPU.ActiveCfg = Debug|Any CPU
		{1A27744A-4B5B-457C-A60C-D23A1BC24E16}.Debug|Any CPU.Build.0 = Debug|Any CPU
		{1A27744A-4B5B-457C-A60C-D23A1BC24E16}.Release|Any CPU.ActiveCfg = Release|Any CPU
		{1A27744A-4B5B-457C-A60C-D23A1BC24E16}.Release|Any CPU.Build.0 = Release|Any CPU
	EndGlobalSection
	GlobalSection(SolutionProperties) = preSolution
		HideSolutionNode = FALSE
	EndGlobalSection
	GlobalSection(ExtensibilityGlobals) = postSolution
		SolutionGuid = {CF478ADD-E7F6-41A1-81F9-DB10B8489DE4}
	EndGlobalSection
EndGlobal
